
Microsoft Visual Studio Solution File, Format Version 12.00
# Visual Studio Version 16
VisualStudioVersion = 16.0.31005.135
MinimumVisualStudioVersion = 10.0.40219.1
Project("{FAE04EC0-301F-11D3-BF4B-00C04F79EFBC}") = "Agencia_Pil_Movil.Android", "Agencia_Pil_Movil\Agencia_Pil_Movil.Android\Agencia_Pil_Movil.Android.csproj", "{A158B149-37B5-4E74-BDC2-1BBEA2A18523}"
EndProject
Project("{FAE04EC0-301F-11D3-BF4B-00C04F79EFBC}") = "Agencia_Pil_Movil", "Agencia_Pil_Movil\Agencia_Pil_Movil\Agencia_Pil_Movil.csproj", "{C9FE770E-13CE-42A0-9982-8E040B645C1A}"
EndProject
Global
	GlobalSection(SolutionConfigurationPlatforms) = preSolution
		Debug|Any CPU = Debug|Any CPU
		Release|Any CPU = Release|Any CPU
	EndGlobalSection
	GlobalSection(ProjectConfigurationPlatforms) = postSolution
		{A158B149-37B5-4E74-BDC2-1BBEA2A18523}.Debug|Any CPU.ActiveCfg = Debug|Any CPU
		{A158B149-37B5-4E74-BDC2-1BBEA2A18523}.Debug|Any CPU.Build.0 = Debug|Any CPU
		{A158B149-37B5-4E74-BDC2-1BBEA2A18523}.Debug|Any CPU.Deploy.0 = Debug|Any CPU
		{A158B149-37B5-4E74-BDC2-1BBEA2A18523}.Release|Any CPU.ActiveCfg = Release|Any CPU
		{A158B149-37B5-4E74-BDC2-1BBEA2A18523}.Release|Any CPU.Build.0 = Release|Any CPU
		{A158B149-37B5-4E74-BDC2-1BBEA2A18523}.Release|Any CPU.Deploy.0 = Release|Any CPU
		{C9FE770E-13CE-42A0-9982-8E040B645C1A}.Debug|Any CPU.ActiveCfg = Debug|Any CPU
		{C9FE770E-13CE-42A0-9982-8E040B645C1A}.Debug|Any CPU.Build.0 = Debug|Any CPU
		{C9FE770E-13CE-42A0-9982-8E040B645C1A}.Debug|Any CPU.Deploy.0 = Debug|Any CPU
		{C9FE770E-13CE-42A0-9982-8E040B645C1A}.Release|Any CPU.ActiveCfg = Release|Any CPU
		{C9FE770E-13CE-42A0-9982-8E040B645C1A}.Release|Any CPU.Build.0 = Release|Any CPU
		{C9FE770E-13CE-42A0-9982-8E040B645C1A}.Release|Any CPU.Deploy.0 = Release|Any CPU
	EndGlobalSection
	GlobalSection(SolutionProperties) = preSolution
		HideSolutionNode = FALSE
	EndGlobalSection
	GlobalSection(ExtensibilityGlobals) = postSolution
		SolutionGuid = {D54A124C-68FB-4B87-AFB7-7D8461C11CC9}
	EndGlobalSection
EndGlobal
